// !$*UTF8*$!
{
	archiveVersion = 1;
	classes = {
	};
	objectVersion = 46;
	objects = {

/* Begin PBXBuildFile section */
		C77B02B71BAD085A00E2490F /* AppDelegate.swift in Sources */ = {isa = PBXBuildFile; fileRef = C77B02B61BAD085A00E2490F /* AppDelegate.swift */; };
		C77B02B91BAD085A00E2490F /* ViewController.swift in Sources */ = {isa = PBXBuildFile; fileRef = C77B02B81BAD085A00E2490F /* ViewController.swift */; };
		C77B02BC1BAD085A00E2490F /* Main.storyboard in Resources */ = {isa = PBXBuildFile; fileRef = C77B02BA1BAD085A00E2490F /* Main.storyboard */; };
		C77B02BE1BAD085A00E2490F /* Assets.xcassets in Resources */ = {isa = PBXBuildFile; fileRef = C77B02BD1BAD085A00E2490F /* Assets.xcassets */; };
		C77B02C11BAD085A00E2490F /* LaunchScreen.storyboard in Resources */ = {isa = PBXBuildFile; fileRef = C77B02BF1BAD085A00E2490F /* LaunchScreen.storyboard */; };
		C77B02CC1BAD085B00E2490F /* DropDownMenuUITests.swift in Sources */ = {isa = PBXBuildFile; fileRef = C77B02CB1BAD085B00E2490F /* DropDownMenuUITests.swift */; };
		C77B02D81BAD08D100E2490F /* KYDownMenu.swift in Sources */ = {isa = PBXBuildFile; fileRef = C77B02D71BAD08D100E2490F /* KYDownMenu.swift */; settings = {ASSET_TAGS = (); }; };
/* End PBXBuildFile section */

/* Begin PBXContainerItemProxy section */
		C77B02C81BAD085B00E2490F /* PBXContainerItemProxy */ = {
			isa = PBXContainerItemProxy;
			containerPortal = C77B02AB1BAD085A00E2490F /* Project object */;
			proxyType = 1;
			remoteGlobalIDString = C77B02B21BAD085A00E2490F;
			remoteInfo = DropDownMenu;
		};
/* End PBXContainerItemProxy section */

/* Begin PBXFileReference section */
		C77B02B31BAD085A00E2490F /* DropDownMenu.app */ = {isa = PBXFileReference; explicitFileType = wrapper.application; includeInIndex = 0; path = DropDownMenu.app; sourceTree = BUILT_PRODUCTS_DIR; };
		C77B02B61BAD085A00E2490F /* AppDelegate.swift */ = {isa = PBXFileReference; lastKnownFileType = sourcecode.swift; path = AppDelegate.swift; sourceTree = "<group>"; };
		C77B02B81BAD085A00E2490F /* ViewController.swift */ = {isa = PBXFileReference; lastKnownFileType = sourcecode.swift; path = ViewController.swift; sourceTree = "<group>"; };
		C77B02BB1BAD085A00E2490F /* Base */ = {isa = PBXFileReference; lastKnownFileType = file.storyboard; name = Base; path = Base.lproj/Main.storyboard; sourceTree = "<group>"; };
		C77B02BD1BAD085A00E2490F /* Assets.xcassets */ = {isa = PBXFileReference; lastKnownFileType = folder.assetcatalog; path = Assets.xcassets; sourceTree = "<group>"; };
		C77B02C01BAD085A00E2490F /* Base */ = {isa = PBXFileReference; lastKnownFileType = file.storyboard; name = Base; path = Base.lproj/LaunchScreen.storyboard; sourceTree = "<group>"; };
		C77B02C21BAD085A00E2490F /* Info.plist */ = {isa = PBXFileReference; lastKnownFileType = text.plist.xml; path = Info.plist; sourceTree = "<group>"; };
		C77B02C71BAD085B00E2490F /* DropDownMenuUITests.xctest */ = {isa = PBXFileReference; explicitFileType = wrapper.cfbundle; includeInIndex = 0; path = DropDownMenuUITests.xctest; sourceTree = BUILT_PRODUCTS_DIR; };
		C77B02CB1BAD085B00E2490F /* DropDownMenuUITests.swift */ = {isa = PBXFileReference; lastKnownFileType = sourcecode.swift; path = DropDownMenuUITests.swift; sourceTree = "<group>"; };
		C77B02CD1BAD085B00E2490F /* Info.plist */ = {isa = PBXFileReference; lastKnownFileType = text.plist.xml; path = Info.plist; sourceTree = "<group>"; };
		C77B02D71BAD08D100E2490F /* KYDownMenu.swift */ = {isa = PBXFileReference; fileEncoding = 4; lastKnownFileType = sourcecode.swift; path = KYDownMenu.swift; sourceTree = "<group>"; };
/* End PBXFileReference section */

/* Begin PBXFrameworksBuildPhase section */
		C77B02B01BAD085A00E2490F /* Frameworks */ = {
			isa = PBXFrameworksBuildPhase;
			buildActionMask = 2147483647;
			files = (
			);
			runOnlyForDeploymentPostprocessing = 0;
		};
		C77B02C41BAD085B00E2490F /* Frameworks */ = {
			isa = PBXFrameworksBuildPhase;
			buildActionMask = 2147483647;
			files = (
			);
			runOnlyForDeploymentPostprocessing = 0;
		};
/* End PBXFrameworksBuildPhase section */

/* Begin PBXGroup section */
		C77B02AA1BAD085A00E2490F = {
			isa = PBXGroup;
			children = (
				C77B02B51BAD085A00E2490F /* DropDownMenu */,
				C77B02CA1BAD085B00E2490F /* DropDownMenuUITests */,
				C77B02B41BAD085A00E2490F /* Products */,
			);
			sourceTree = "<group>";
		};
		C77B02B41BAD085A00E2490F /* Products */ = {
			isa = PBXGroup;
			children = (
				C77B02B31BAD085A00E2490F /* DropDownMenu.app */,
				C77B02C71BAD085B00E2490F /* DropDownMenuUITests.xctest */,
			);
			name = Products;
			sourceTree = "<group>";
		};
		C77B02B51BAD085A00E2490F /* DropDownMenu */ = {
			isa = PBXGroup;
			children = (
				C77B02D61BAD089C00E2490F /* DropDownMenu */,
				C77B02B61BAD085A00E2490F /* AppDelegate.swift */,
				C77B02B81BAD085A00E2490F /* ViewController.swift */,
				C77B02BA1BAD085A00E2490F /* Main.storyboard */,
				C77B02BD1BAD085A00E2490F /* Assets.xcassets */,
				C77B02BF1BAD085A00E2490F /* LaunchScreen.storyboard */,
				C77B02C21BAD085A00E2490F /* Info.plist */,
			);
			path = DropDownMenu;
			sourceTree = "<group>";
		};
		C77B02CA1BAD085B00E2490F /* DropDownMenuUITests */ = {
			isa = PBXGroup;
			children = (
				C77B02CB1BAD085B00E2490F /* DropDownMenuUITests.swift */,
				C77B02CD1BAD085B00E2490F /* Info.plist */,
			);
			path = DropDownMenuUITests;
			sourceTree = "<group>";
		};
		C77B02D61BAD089C00E2490F /* DropDownMenu */ = {
			isa = PBXGroup;
			children = (
				C77B02D71BAD08D100E2490F /* KYDownMenu.swift */,
			);
			path = DropDownMenu;
			sourceTree = "<group>";
		};
/* End PBXGroup section */

/* Begin PBXNativeTarget section */
		C77B02B21BAD085A00E2490F /* DropDownMenu */ = {
			isa = PBXNativeTarget;
			buildConfigurationList = C77B02D01BAD085B00E2490F /* Build configuration list for PBXNativeTarget "DropDownMenu" */;
			buildPhases = (
				C77B02AF1BAD085A00E2490F /* Sources */,
				C77B02B01BAD085A00E2490F /* Frameworks */,
				C77B02B11BAD085A00E2490F /* Resources */,
			);
			buildRules = (
			);
			dependencies = (
			);
			name = DropDownMenu;
			productName = DropDownMenu;
			productReference = C77B02B31BAD085A00E2490F /* DropDownMenu.app */;
			productType = "com.apple.product-type.application";
		};
		C77B02C61BAD085B00E2490F /* DropDownMenuUITests */ = {
			isa = PBXNativeTarget;
			buildConfigurationList = C77B02D31BAD085B00E2490F /* Build configuration list for PBXNativeTarget "DropDownMenuUITests" */;
			buildPhases = (
				C77B02C31BAD085B00E2490F /* Sources */,
				C77B02C41BAD085B00E2490F /* Frameworks */,
				C77B02C51BAD085B00E2490F /* Resources */,
			);
			buildRules = (
			);
			dependencies = (
				C77B02C91BAD085B00E2490F /* PBXTargetDependency */,
			);
			name = DropDownMenuUITests;
			productName = DropDownMenuUITests;
			productReference = C77B02C71BAD085B00E2490F /* DropDownMenuUITests.xctest */;
			productType = "com.apple.product-type.bundle.ui-testing";
		};
/* End PBXNativeTarget section */

/* Begin PBXProject section */
		C77B02AB1BAD085A00E2490F /* Project object */ = {
			isa = PBXProject;
			attributes = {
				LastUpgradeCheck = 0700;
				ORGANIZATIONNAME = xiaoluuu;
				TargetAttributes = {
					C77B02B21BAD085A00E2490F = {
						CreatedOnToolsVersion = 7.0;
						DevelopmentTeam = C4UE54YNN5;
					};
					C77B02C61BAD085B00E2490F = {
						CreatedOnToolsVersion = 7.0;
						TestTargetID = C77B02B21BAD085A00E2490F;
					};
				};
			};
			buildConfigurationList = C77B02AE1BAD085A00E2490F /* Build configuration list for PBXProject "DropDownMenu" */;
			compatibilityVersion = "Xcode 3.2";
			developmentRegion = English;
			hasScannedForEncodings = 0;
			knownRegions = (
				en,
				Base,
			);
			mainGroup = C77B02AA1BAD085A00E2490F;
			productRefGroup = C77B02B41BAD085A00E2490F /* Products */;
			projectDirPath = "";
			projectRoot = "";
			targets = (
				C77B02B21BAD085A00E2490F /* DropDownMenu */,
				C77B02C61BAD085B00E2490F /* DropDownMenuUITests */,
			);
		};
/* End PBXProject section */

/* Begin PBXResourcesBuildPhase section */
		C77B02B11BAD085A00E2490F /* Resources */ = {
			isa = PBXResourcesBuildPhase;
			buildActionMask = 2147483647;
			files = (
				C77B02C11BAD085A00E2490F /* LaunchScreen.storyboard in Resources */,
				C77B02BE1BAD085A00E2490F /* Assets.xcassets in Resources */,
				C77B02BC1BAD085A00E2490F /* Main.storyboard in Resources */,
			);
			runOnlyForDeploymentPostprocessing = 0;
		};
		C77B02C51BAD085B00E2490F /* Resources */ = {
			isa = PBXResourcesBuildPhase;
			buildActionMask = 2147483647;
			files = (
			);
			runOnlyForDeploymentPostprocessing = 0;
		};
/* End PBXResourcesBuildPhase section */

/* Begin PBXSourcesBuildPhase section */
		C77B02AF1BAD085A00E2490F /* Sources */ = {
			isa = PBXSourcesBuildPhase;
			buildActionMask = 2147483647;
			files = (
				C77B02B91BAD085A00E2490F /* ViewController.swift in Sources */,
				C77B02D81BAD08D100E2490F /* KYDownMenu.swift in Sources */,
				C77B02B71BAD085A00E2490F /* AppDelegate.swift in Sources */,
			);
			runOnlyForDeploymentPostprocessing = 0;
		};
		C77B02C31BAD085B00E2490F /* Sources */ = {
			isa = PBXSourcesBuildPhase;
			buildActionMask = 2147483647;
			files = (
				C77B02CC1BAD085B00E2490F /* DropDownMenuUITests.swift in Sources */,
			);
			runOnlyForDeploymentPostprocessing = 0;
		};
/* End PBXSourcesBuildPhase section */

/* Begin PBXTargetDependency section */
		C77B02C91BAD085B00E2490F /* PBXTargetDependency */ = {
			isa = PBXTargetDependency;
			target = C77B02B21BAD085A00E2490F /* DropDownMenu */;
			targetProxy = C77B02C81BAD085B00E2490F /* PBXContainerItemProxy */;
		};
/* End PBXTargetDependency section */

/* Begin PBXVariantGroup section */
		C77B02BA1BAD085A00E2490F /* Main.storyboard */ = {
			isa = PBXVariantGroup;
			children = (
				C77B02BB1BAD085A00E2490F /* Base */,
			);
			name = Main.storyboard;
			sourceTree = "<group>";
		};
		C77B02BF1BAD085A00E2490F /* LaunchScreen.storyboard */ = {
			isa = PBXVariantGroup;
			children = (
				C77B02C01BAD085A00E2490F /* Base */,
			);
			name = LaunchScreen.storyboard;
			sourceTree = "<group>";
		};
/* End PBXVariantGroup section */

/* Begin XCBuildConfiguration section */
		C77B02CE1BAD085B00E2490F /* Debug */ = {
			isa = XCBuildConfiguration;
			buildSettings = {
				ALWAYS_SEARCH_USER_PATHS = NO;
				CLANG_CXX_LANGUAGE_STANDARD = "gnu++0x";
				CLANG_CXX_LIBRARY = "libc++";
				CLANG_ENABLE_MODULES = YES;
				CLANG_ENABLE_OBJC_ARC = YES;
				CLANG_WARN_BOOL_CONVERSION = YES;
				CLANG_WARN_CONSTANT_CONVERSION = YES;
				CLANG_WARN_DIRECT_OBJC_ISA_USAGE = YES_ERROR;
				CLANG_WARN_EMPTY_BODY = YES;
				CLANG_WARN_ENUM_CONVERSION = YES;
				CLANG_WARN_INT_CONVERSION = YES;
				CLANG_WARN_OBJC_ROOT_CLASS = YES_ERROR;
				CLANG_WARN_UNREACHABLE_CODE = YES;
				CLANG_WARN__DUPLICATE_METHOD_MATCH = YES;
				"CODE_SIGN_IDENTITY[sdk=iphoneos*]" = "iPhone Developer";
				COPY_PHASE_STRIP = NO;
				DEBUG_INFORMATION_FORMAT = dwarf;
				ENABLE_STRICT_OBJC_MSGSEND = YES;
				ENABLE_TESTABILITY = YES;
				GCC_C_LANGUAGE_STANDARD = gnu99;
				GCC_DYNAMIC_NO_PIC = NO;
				GCC_NO_COMMON_BLOCKS = YES;
				GCC_OPTIMIZATION_LEVEL = 0;
				GCC_PREPROCESSOR_DEFINITIONS = (
					"DEBUG=1",
					"$(inherited)",
				);
				GCC_WARN_64_TO_32_BIT_CONVERSION = YES;
				GCC_WARN_ABOUT_RETURN_TYPE = YES_ERROR;
				GCC_WARN_UNDECLARED_SELECTOR = YES;
				GCC_WARN_UNINITIALIZED_AUTOS = YES_AGGRESSIVE;
				GCC_WARN_UNUSED_FUNCTION = YES;
				GCC_WARN_UNUSED_VARIABLE = YES;
				IPHONEOS_DEPLOYMENT_TARGET = 9.0;
				MTL_ENABLE_DEBUG_INFO = YES;
				ONLY_ACTIVE_ARCH = YES;
				SDKROOT = iphoneos;
				SWIFT_OPTIMIZATION_LEVEL = "-Onone";
				TARGETED_DEVICE_FAMILY = "1,2";
			};
			name = Debug;
		};
		C77B02CF1BAD085B00E2490F /* Release */ = {
			isa = XCBuildConfiguration;
			buildSettings = {
				ALWAYS_SEARCH_USER_PATHS = NO;
				CLANG_CXX_LANGUAGE_STANDARD = "gnu++0x";
				CLANG_CXX_LIBRARY = "libc++";
				CLANG_ENABLE_MODULES = YES;
				CLANG_ENABLE_OBJC_ARC = YES;
				CLANG_WARN_BOOL_CONVERSION = YES;
				CLANG_WARN_CONSTANT_CONVERSION = YES;
				CLANG_WARN_DIRECT_OBJC_ISA_USAGE = YES_ERROR;
				CLANG_WARN_EMPTY_BODY = YES;
				CLANG_WARN_ENUM_CONVERSION = YES;
				CLANG_WARN_INT_CONVERSION = YES;
				CLANG_WARN_OBJC_ROOT_CLASS = YES_ERROR;
				CLANG_WARN_UNREACHABLE_CODE = YES;
				CLANG_WARN__DUPLICATE_METHOD_MATCH = YES;
				"CODE_SIGN_IDENTITY[sdk=iphoneos*]" = "iPhone Developer";
				COPY_PHASE_STRIP = NO;
				DEBUG_INFORMATION_FORMAT = "dwarf-with-dsym";
				ENABLE_NS_ASSERTIONS = NO;
				ENABLE_STRICT_OBJC_MSGSEND = YES;
				GCC_C_LANGUAGE_STANDARD = gnu99;
				GCC_NO_COMMON_BLOCKS = YES;
				GCC_WARN_64_TO_32_BIT_CONVERSION = YES;
				GCC_WARN_ABOUT_RETURN_TYPE = YES_ERROR;
				GCC_WARN_UNDECLARED_SELECTOR = YES;
				GCC_WARN_UNINITIALIZED_AUTOS = YES_AGGRESSIVE;
				GCC_WARN_UNUSED_FUNCTION = YES;
				GCC_WARN_UNUSED_VARIABLE = YES;
				IPHONEOS_DEPLOYMENT_TARGET = 9.0;
				MTL_ENABLE_DEBUG_INFO = NO;
				SDKROOT = iphoneos;
				TARGETED_DEVICE_FAMILY = "1,2";
				VALIDATE_PRODUCT = YES;
			};
			name = Release;
		};
		C77B02D11BAD085B00E2490F /* Debug */ = {
			isa = XCBuildConfiguration;
			buildSettings = {
				ASSETCATALOG_COMPILER_APPICON_NAME = AppIcon;
				CODE_SIGN_IDENTITY = "iPhone Developer";
				"CODE_SIGN_IDENTITY[sdk=iphoneos*]" = "iPhone Developer";
				INFOPLIST_FILE = DropDownMenu/Info.plist;
				LD_RUNPATH_SEARCH_PATHS = "$(inherited) @executable_path/Frameworks";
				PRODUCT_BUNDLE_IDENTIFIER = xiaoluuu.DropDownMenu;
				PRODUCT_NAME = "$(TARGET_NAME)";
				PROVISIONING_PROFILE = "";
			};
			name = Debug;
		};
		C77B02D21BAD085B00E2490F /* Release */ = {
			isa = XCBuildConfiguration;
			buildSettings = {
				ASSETCATALOG_COMPILER_APPICON_NAME = AppIcon;
				CODE_SIGN_IDENTITY = "iPhone Developer";
				"CODE_SIGN_IDENTITY[sdk=iphoneos*]" = "iPhone Developer";
				INFOPLIST_FILE = DropDownMenu/Info.plist;
				LD_RUNPATH_SEARCH_PATHS = "$(inherited) @executable_path/Frameworks";
				PRODUCT_BUNDLE_IDENTIFIER = xiaoluuu.DropDownMenu;
				PRODUCT_NAME = "$(TARGET_NAME)";
				PROVISIONING_PROFILE = "";
			};
			name = Release;
		};
		C77B02D41BAD085B00E2490F /* Debug */ = {
			isa = XCBuildConfiguration;
			buildSettings = {
				INFOPLIST_FILE = DropDownMenuUITests/Info.plist;
				LD_RUNPATH_SEARCH_PATHS = "$(inherited) @executable_path/Frameworks @loader_path/Frameworks";
				PRODUCT_BUNDLE_IDENTIFIER = xiaoluuu.DropDownMenuUITests;
				PRODUCT_NAME = "$(TARGET_NAME)";
				TEST_TARGET_NAME = DropDownMenu;
				USES_XCTRUNNER = YES;
			};
			name = Debug;
		};
		C77B02D51BAD085B00E2490F /* Release */ = {
			isa = XCBuildConfiguration;
			buildSettings = {
				INFOPLIST_FILE = DropDownMenuUITests/Info.plist;
				LD_RUNPATH_SEARCH_PATHS = "$(inherited) @executable_path/Frameworks @loader_path/Frameworks";
				PRODUCT_BUNDLE_IDENTIFIER = xiaoluuu.DropDownMenuUITests;
				PRODUCT_NAME = "$(TARGET_NAME)";
				TEST_TARGET_NAME = DropDownMenu;
				USES_XCTRUNNER = YES;
			};
			name = Release;
		};
/* End XCBuildConfiguration section */

/* Begin XCConfigurationList section */
		C77B02AE1BAD085A00E2490F /* Build configuration list for PBXProject "DropDownMenu" */ = {
			isa = XCConfigurationList;
			buildConfigurations = (
				C77B02CE1BAD085B00E2490F /* Debug */,
				C77B02CF1BAD085B00E2490F /* Release */,
			);
			defaultConfigurationIsVisible = 0;
			defaultConfigurationName = Release;
		};
		C77B02D01BAD085B00E2490F /* Build configuration list for PBXNativeTarget "DropDownMenu" */ = {
			isa = XCConfigurationList;
			buildConfigurations = (
				C77B02D11BAD085B00E2490F /* Debug */,
				C77B02D21BAD085B00E2490F /* Release */,
			);
			defaultConfigurationIsVisible = 0;
			defaultConfigurationName = Release;
		};
		C77B02D31BAD085B00E2490F /* Build configuration list for PBXNativeTarget "DropDownMenuUITests" */ = {
			isa = XCConfigurationList;
			buildConfigurations = (
				C77B02D41BAD085B00E2490F /* Debug */,
				C77B02D51BAD085B00E2490F /* Release */,
			);
			defaultConfigurationIsVisible = 0;
			defaultConfigurationName = Release;
		};
/* End XCConfigurationList section */
	};
	rootObject = C77B02AB1BAD085A00E2490F /* Project object */;
}
